
Microsoft Visual Studio Solution File, Format Version 12.00
# Visual Studio Version 17
VisualStudioVersion = 17.14.36310.24 d17.14
MinimumVisualStudioVersion = 10.0.40219.1
Project("{FAE04EC0-301F-11D3-BF4B-00C04F79EFBC}") = "OkxHedgeSync", "ConsoleApp1\OkxHedgeSync.csproj", "{6DBDE477-DD67-415C-A910-E6D29B67498B}"
EndProject
Global
	GlobalSection(SolutionConfigurationPlatforms) = preSolution
		Debug|Any CPU = Debug|Any CPU
		Release|Any CPU = Release|Any CPU
	EndGlobalSection
	GlobalSection(ProjectConfigurationPlatforms) = postSolution
		{6DBDE477-DD67-415C-A910-E6D29B67498B}.Debug|Any CPU.ActiveCfg = Debug|Any CPU
		{6DBDE477-DD67-415C-A910-E6D29B67498B}.Debug|Any CPU.Build.0 = Debug|Any CPU
		{6DBDE477-DD67-415C-A910-E6D29B67498B}.Release|Any CPU.ActiveCfg = Release|Any CPU
		{6DBDE477-DD67-415C-A910-E6D29B67498B}.Release|Any CPU.Build.0 = Release|Any CPU
	EndGlobalSection
	GlobalSection(SolutionProperties) = preSolution
		HideSolutionNode = FALSE
	EndGlobalSection
	GlobalSection(ExtensibilityGlobals) = postSolution
		SolutionGuid = {D7AE2772-9BF9-43D6-9E8A-D6EE60C74DE8}
	EndGlobalSection
EndGlobal
